// !$*UTF8*$!
{
	archiveVersion = 1;
	classes = {
	};
	objectVersion = 50;
	objects = {

/* Begin PBXBuildFile section */
		80BA045120B44AAC002800AA /* AppDelegate.swift in Sources */ = {isa = PBXBuildFile; fileRef = 80BA045020B44AAC002800AA /* AppDelegate.swift */; };
		80BA045320B44AAC002800AA /* MainVC.swift in Sources */ = {isa = PBXBuildFile; fileRef = 80BA045220B44AAC002800AA /* MainVC.swift */; };
		80BA045620B44AAC002800AA /* Main.storyboard in Resources */ = {isa = PBXBuildFile; fileRef = 80BA045420B44AAC002800AA /* Main.storyboard */; };
		80BA045820B44AAE002800AA /* Assets.xcassets in Resources */ = {isa = PBXBuildFile; fileRef = 80BA045720B44AAE002800AA /* Assets.xcassets */; };
		80BA045B20B44AAE002800AA /* LaunchScreen.storyboard in Resources */ = {isa = PBXBuildFile; fileRef = 80BA045920B44AAE002800AA /* LaunchScreen.storyboard */; };
		80BA046620B44AAE002800AA /* Window_ShopperTests.swift in Sources */ = {isa = PBXBuildFile; fileRef = 80BA046520B44AAE002800AA /* Window_ShopperTests.swift */; };
		80BA047120B44AAE002800AA /* Window_ShopperUITests.swift in Sources */ = {isa = PBXBuildFile; fileRef = 80BA047020B44AAE002800AA /* Window_ShopperUITests.swift */; };
		80BA048120B44D76002800AA /* CurrencyTxtField.swift in Sources */ = {isa = PBXBuildFile; fileRef = 80BA048020B44D76002800AA /* CurrencyTxtField.swift */; };
		80BA048420B45AB6002800AA /* Wage.swift in Sources */ = {isa = PBXBuildFile; fileRef = 80BA048320B45AB6002800AA /* Wage.swift */; };
		80BA048520B45DEC002800AA /* Wage.swift in Sources */ = {isa = PBXBuildFile; fileRef = 80BA048320B45AB6002800AA /* Wage.swift */; };
/* End PBXBuildFile section */

/* Begin PBXContainerItemProxy section */
		80BA046220B44AAE002800AA /* PBXContainerItemProxy */ = {
			isa = PBXContainerItemProxy;
			containerPortal = 80BA044520B44AAC002800AA /* Project object */;
			proxyType = 1;
			remoteGlobalIDString = 80BA044C20B44AAC002800AA;
			remoteInfo = "Window Shopper";
		};
		80BA046D20B44AAE002800AA /* PBXContainerItemProxy */ = {
			isa = PBXContainerItemProxy;
			containerPortal = 80BA044520B44AAC002800AA /* Project object */;
			proxyType = 1;
			remoteGlobalIDString = 80BA044C20B44AAC002800AA;
			remoteInfo = "Window Shopper";
		};
/* End PBXContainerItemProxy section */

/* Begin PBXFileReference section */
		80BA044D20B44AAC002800AA /* Window Shopper.app */ = {isa = PBXFileReference; explicitFileType = wrapper.application; includeInIndex = 0; path = "Window Shopper.app"; sourceTree = BUILT_PRODUCTS_DIR; };
		80BA045020B44AAC002800AA /* AppDelegate.swift */ = {isa = PBXFileReference; lastKnownFileType = sourcecode.swift; path = AppDelegate.swift; sourceTree = "<group>"; };
		80BA045220B44AAC002800AA /* MainVC.swift */ = {isa = PBXFileReference; lastKnownFileType = sourcecode.swift; path = MainVC.swift; sourceTree = "<group>"; };
		80BA045520B44AAC002800AA /* Base */ = {isa = PBXFileReference; lastKnownFileType = file.storyboard; name = Base; path = Base.lproj/Main.storyboard; sourceTree = "<group>"; };
		80BA045720B44AAE002800AA /* Assets.xcassets */ = {isa = PBXFileReference; lastKnownFileType = folder.assetcatalog; path = Assets.xcassets; sourceTree = "<group>"; };
		80BA045A20B44AAE002800AA /* Base */ = {isa = PBXFileReference; lastKnownFileType = file.storyboard; name = Base; path = Base.lproj/LaunchScreen.storyboard; sourceTree = "<group>"; };
		80BA045C20B44AAE002800AA /* Info.plist */ = {isa = PBXFileReference; lastKnownFileType = text.plist.xml; path = Info.plist; sourceTree = "<group>"; };
		80BA046120B44AAE002800AA /* Window ShopperTests.xctest */ = {isa = PBXFileReference; explicitFileType = wrapper.cfbundle; includeInIndex = 0; path = "Window ShopperTests.xctest"; sourceTree = BUILT_PRODUCTS_DIR; };
		80BA046520B44AAE002800AA /* Window_ShopperTests.swift */ = {isa = PBXFileReference; lastKnownFileType = sourcecode.swift; path = Window_ShopperTests.swift; sourceTree = "<group>"; };
		80BA046720B44AAE002800AA /* Info.plist */ = {isa = PBXFileReference; lastKnownFileType = text.plist.xml; path = Info.plist; sourceTree = "<group>"; };
		80BA046C20B44AAE002800AA /* Window ShopperUITests.xctest */ = {isa = PBXFileReference; explicitFileType = wrapper.cfbundle; includeInIndex = 0; path = "Window ShopperUITests.xctest"; sourceTree = BUILT_PRODUCTS_DIR; };
		80BA047020B44AAE002800AA /* Window_ShopperUITests.swift */ = {isa = PBXFileReference; lastKnownFileType = sourcecode.swift; path = Window_ShopperUITests.swift; sourceTree = "<group>"; };
		80BA047220B44AAE002800AA /* Info.plist */ = {isa = PBXFileReference; lastKnownFileType = text.plist.xml; path = Info.plist; sourceTree = "<group>"; };
		80BA048020B44D76002800AA /* CurrencyTxtField.swift */ = {isa = PBXFileReference; lastKnownFileType = sourcecode.swift; path = CurrencyTxtField.swift; sourceTree = "<group>"; };
		80BA048320B45AB6002800AA /* Wage.swift */ = {isa = PBXFileReference; lastKnownFileType = sourcecode.swift; path = Wage.swift; sourceTree = "<group>"; };
/* End PBXFileReference section */

/* Begin PBXFrameworksBuildPhase section */
		80BA044A20B44AAC002800AA /* Frameworks */ = {
			isa = PBXFrameworksBuildPhase;
			buildActionMask = 2147483647;
			files = (
			);
			runOnlyForDeploymentPostprocessing = 0;
		};
		80BA045E20B44AAE002800AA /* Frameworks */ = {
			isa = PBXFrameworksBuildPhase;
			buildActionMask = 2147483647;
			files = (
			);
			runOnlyForDeploymentPostprocessing = 0;
		};
		80BA046920B44AAE002800AA /* Frameworks */ = {
			isa = PBXFrameworksBuildPhase;
			buildActionMask = 2147483647;
			files = (
			);
			runOnlyForDeploymentPostprocessing = 0;
		};
/* End PBXFrameworksBuildPhase section */

/* Begin PBXGroup section */
		80BA044420B44AAC002800AA = {
			isa = PBXGroup;
			children = (
				80BA044F20B44AAC002800AA /* Window Shopper */,
				80BA046420B44AAE002800AA /* Window ShopperTests */,
				80BA046F20B44AAE002800AA /* Window ShopperUITests */,
				80BA044E20B44AAC002800AA /* Products */,
			);
			sourceTree = "<group>";
		};
		80BA044E20B44AAC002800AA /* Products */ = {
			isa = PBXGroup;
			children = (
				80BA044D20B44AAC002800AA /* Window Shopper.app */,
				80BA046120B44AAE002800AA /* Window ShopperTests.xctest */,
				80BA046C20B44AAE002800AA /* Window ShopperUITests.xctest */,
			);
			name = Products;
			sourceTree = "<group>";
		};
		80BA044F20B44AAC002800AA /* Window Shopper */ = {
			isa = PBXGroup;
			children = (
				80BA048220B45A9D002800AA /* Model */,
				80BA047F20B44D52002800AA /* Views */,
				80BA047E20B44BFA002800AA /* Controller */,
				80BA045020B44AAC002800AA /* AppDelegate.swift */,
				80BA045420B44AAC002800AA /* Main.storyboard */,
				80BA045720B44AAE002800AA /* Assets.xcassets */,
				80BA045920B44AAE002800AA /* LaunchScreen.storyboard */,
				80BA045C20B44AAE002800AA /* Info.plist */,
			);
			path = "Window Shopper";
			sourceTree = "<group>";
		};
		80BA046420B44AAE002800AA /* Window ShopperTests */ = {
			isa = PBXGroup;
			children = (
				80BA046520B44AAE002800AA /* Window_ShopperTests.swift */,
				80BA046720B44AAE002800AA /* Info.plist */,
			);
			path = "Window ShopperTests";
			sourceTree = "<group>";
		};
		80BA046F20B44AAE002800AA /* Window ShopperUITests */ = {
			isa = PBXGroup;
			children = (
				80BA047020B44AAE002800AA /* Window_ShopperUITests.swift */,
				80BA047220B44AAE002800AA /* Info.plist */,
			);
			path = "Window ShopperUITests";
			sourceTree = "<group>";
		};
		80BA047E20B44BFA002800AA /* Controller */ = {
			isa = PBXGroup;
			children = (
				80BA045220B44AAC002800AA /* MainVC.swift */,
			);
			path = Controller;
			sourceTree = "<group>";
		};
		80BA047F20B44D52002800AA /* Views */ = {
			isa = PBXGroup;
			children = (
				80BA048020B44D76002800AA /* CurrencyTxtField.swift */,
			);
			path = Views;
			sourceTree = "<group>";
		};
		80BA048220B45A9D002800AA /* Model */ = {
			isa = PBXGroup;
			children = (
				80BA048320B45AB6002800AA /* Wage.swift */,
			);
			path = Model;
			sourceTree = "<group>";
		};
/* End PBXGroup section */

/* Begin PBXNativeTarget section */
		80BA044C20B44AAC002800AA /* Window Shopper */ = {
			isa = PBXNativeTarget;
			buildConfigurationList = 80BA047520B44AAE002800AA /* Build configuration list for PBXNativeTarget "Window Shopper" */;
			buildPhases = (
				80BA044920B44AAC002800AA /* Sources */,
				80BA044A20B44AAC002800AA /* Frameworks */,
				80BA044B20B44AAC002800AA /* Resources */,
			);
			buildRules = (
			);
			dependencies = (
			);
			name = "Window Shopper";
			productName = "Window Shopper";
			productReference = 80BA044D20B44AAC002800AA /* Window Shopper.app */;
			productType = "com.apple.product-type.application";
		};
		80BA046020B44AAE002800AA /* Window ShopperTests */ = {
			isa = PBXNativeTarget;
			buildConfigurationList = 80BA047820B44AAE002800AA /* Build configuration list for PBXNativeTarget "Window ShopperTests" */;
			buildPhases = (
				80BA045D20B44AAE002800AA /* Sources */,
				80BA045E20B44AAE002800AA /* Frameworks */,
				80BA045F20B44AAE002800AA /* Resources */,
			);
			buildRules = (
			);
			dependencies = (
				80BA046320B44AAE002800AA /* PBXTargetDependency */,
			);
			name = "Window ShopperTests";
			productName = "Window ShopperTests";
			productReference = 80BA046120B44AAE002800AA /* Window ShopperTests.xctest */;
			productType = "com.apple.product-type.bundle.unit-test";
		};
		80BA046B20B44AAE002800AA /* Window ShopperUITests */ = {
			isa = PBXNativeTarget;
			buildConfigurationList = 80BA047B20B44AAE002800AA /* Build configuration list for PBXNativeTarget "Window ShopperUITests" */;
			buildPhases = (
				80BA046820B44AAE002800AA /* Sources */,
				80BA046920B44AAE002800AA /* Frameworks */,
				80BA046A20B44AAE002800AA /* Resources */,
			);
			buildRules = (
			);
			dependencies = (
				80BA046E20B44AAE002800AA /* PBXTargetDependency */,
			);
			name = "Window ShopperUITests";
			productName = "Window ShopperUITests";
			productReference = 80BA046C20B44AAE002800AA /* Window ShopperUITests.xctest */;
			productType = "com.apple.product-type.bundle.ui-testing";
		};
/* End PBXNativeTarget section */

/* Begin PBXProject section */
		80BA044520B44AAC002800AA /* Project object */ = {
			isa = PBXProject;
			attributes = {
				LastSwiftUpdateCheck = 0930;
				LastUpgradeCheck = 0930;
				ORGANIZATIONNAME = "Dhruv Rastogi";
				TargetAttributes = {
					80BA044C20B44AAC002800AA = {
						CreatedOnToolsVersion = 9.3.1;
					};
					80BA046020B44AAE002800AA = {
						CreatedOnToolsVersion = 9.3.1;
						TestTargetID = 80BA044C20B44AAC002800AA;
					};
					80BA046B20B44AAE002800AA = {
						CreatedOnToolsVersion = 9.3.1;
						TestTargetID = 80BA044C20B44AAC002800AA;
					};
				};
			};
			buildConfigurationList = 80BA044820B44AAC002800AA /* Build configuration list for PBXProject "Window Shopper" */;
			compatibilityVersion = "Xcode 9.3";
			developmentRegion = en;
			hasScannedForEncodings = 0;
			knownRegions = (
				en,
				Base,
			);
			mainGroup = 80BA044420B44AAC002800AA;
			productRefGroup = 80BA044E20B44AAC002800AA /* Products */;
			projectDirPath = "";
			projectRoot = "";
			targets = (
				80BA044C20B44AAC002800AA /* Window Shopper */,
				80BA046020B44AAE002800AA /* Window ShopperTests */,
				80BA046B20B44AAE002800AA /* Window ShopperUITests */,
			);
		};
/* End PBXProject section */

/* Begin PBXResourcesBuildPhase section */
		80BA044B20B44AAC002800AA /* Resources */ = {
			isa = PBXResourcesBuildPhase;
			buildActionMask = 2147483647;
			files = (
				80BA045B20B44AAE002800AA /* LaunchScreen.storyboard in Resources */,
				80BA045820B44AAE002800AA /* Assets.xcassets in Resources */,
				80BA045620B44AAC002800AA /* Main.storyboard in Resources */,
			);
			runOnlyForDeploymentPostprocessing = 0;
		};
		80BA045F20B44AAE002800AA /* Resources */ = {
			isa = PBXResourcesBuildPhase;
			buildActionMask = 2147483647;
			files = (
			);
			runOnlyForDeploymentPostprocessing = 0;
		};
		80BA046A20B44AAE002800AA /* Resources */ = {
			isa = PBXResourcesBuildPhase;
			buildActionMask = 2147483647;
			files = (
			);
			runOnlyForDeploymentPostprocessing = 0;
		};
/* End PBXResourcesBuildPhase section */

/* Begin PBXSourcesBuildPhase section */
		80BA044920B44AAC002800AA /* Sources */ = {
			isa = PBXSourcesBuildPhase;
			buildActionMask = 2147483647;
			files = (
				80BA048120B44D76002800AA /* CurrencyTxtField.swift in Sources */,
				80BA048420B45AB6002800AA /* Wage.swift in Sources */,
				80BA045320B44AAC002800AA /* MainVC.swift in Sources */,
				80BA045120B44AAC002800AA /* AppDelegate.swift in Sources */,
			);
			runOnlyForDeploymentPostprocessing = 0;
		};
		80BA045D20B44AAE002800AA /* Sources */ = {
			isa = PBXSourcesBuildPhase;
			buildActionMask = 2147483647;
			files = (
				80BA046620B44AAE002800AA /* Window_ShopperTests.swift in Sources */,
				80BA048520B45DEC002800AA /* Wage.swift in Sources */,
			);
			runOnlyForDeploymentPostprocessing = 0;
		};
		80BA046820B44AAE002800AA /* Sources */ = {
			isa = PBXSourcesBuildPhase;
			buildActionMask = 2147483647;
			files = (
				80BA047120B44AAE002800AA /* Window_ShopperUITests.swift in Sources */,
			);
			runOnlyForDeploymentPostprocessing = 0;
		};
/* End PBXSourcesBuildPhase section */

/* Begin PBXTargetDependency section */
		80BA046320B44AAE002800AA /* PBXTargetDependency */ = {
			isa = PBXTargetDependency;
			target = 80BA044C20B44AAC002800AA /* Window Shopper */;
			targetProxy = 80BA046220B44AAE002800AA /* PBXContainerItemProxy */;
		};
		80BA046E20B44AAE002800AA /* PBXTargetDependency */ = {
			isa = PBXTargetDependency;
			target = 80BA044C20B44AAC002800AA /* Window Shopper */;
			targetProxy = 80BA046D20B44AAE002800AA /* PBXContainerItemProxy */;
		};
/* End PBXTargetDependency section */

/* Begin PBXVariantGroup section */
		80BA045420B44AAC002800AA /* Main.storyboard */ = {
			isa = PBXVariantGroup;
			children = (
				80BA045520B44AAC002800AA /* Base */,
			);
			name = Main.storyboard;
			sourceTree = "<group>";
		};
		80BA045920B44AAE002800AA /* LaunchScreen.storyboard */ = {
			isa = PBXVariantGroup;
			children = (
				80BA045A20B44AAE002800AA /* Base */,
			);
			name = LaunchScreen.storyboard;
			sourceTree = "<group>";
		};
/* End PBXVariantGroup section */

/* Begin XCBuildConfiguration section */
		80BA047320B44AAE002800AA /* Debug */ = {
			isa = XCBuildConfiguration;
			buildSettings = {
				ALWAYS_SEARCH_USER_PATHS = NO;
				CLANG_ANALYZER_NONNULL = YES;
				CLANG_ANALYZER_NUMBER_OBJECT_CONVERSION = YES_AGGRESSIVE;
				CLANG_CXX_LANGUAGE_STANDARD = "gnu++14";
				CLANG_CXX_LIBRARY = "libc++";
				CLANG_ENABLE_MODULES = YES;
				CLANG_ENABLE_OBJC_ARC = YES;
				CLANG_ENABLE_OBJC_WEAK = YES;
				CLANG_WARN_BLOCK_CAPTURE_AUTORELEASING = YES;
				CLANG_WARN_BOOL_CONVERSION = YES;
				CLANG_WARN_COMMA = YES;
				CLANG_WARN_CONSTANT_CONVERSION = YES;
				CLANG_WARN_DEPRECATED_OBJC_IMPLEMENTATIONS = YES;
				CLANG_WARN_DIRECT_OBJC_ISA_USAGE = YES_ERROR;
				CLANG_WARN_DOCUMENTATION_COMMENTS = YES;
				CLANG_WARN_EMPTY_BODY = YES;
				CLANG_WARN_ENUM_CONVERSION = YES;
				CLANG_WARN_INFINITE_RECURSION = YES;
				CLANG_WARN_INT_CONVERSION = YES;
				CLANG_WARN_NON_LITERAL_NULL_CONVERSION = YES;
				CLANG_WARN_OBJC_IMPLICIT_RETAIN_SELF = YES;
				CLANG_WARN_OBJC_LITERAL_CONVERSION = YES;
				CLANG_WARN_OBJC_ROOT_CLASS = YES_ERROR;
				CLANG_WARN_RANGE_LOOP_ANALYSIS = YES;
				CLANG_WARN_STRICT_PROTOTYPES = YES;
				CLANG_WARN_SUSPICIOUS_MOVE = YES;
				CLANG_WARN_UNGUARDED_AVAILABILITY = YES_AGGRESSIVE;
				CLANG_WARN_UNREACHABLE_CODE = YES;
				CLANG_WARN__DUPLICATE_METHOD_MATCH = YES;
				CODE_SIGN_IDENTITY = "iPhone Developer";
				COPY_PHASE_STRIP = NO;
				DEBUG_INFORMATION_FORMAT = dwarf;
				ENABLE_STRICT_OBJC_MSGSEND = YES;
				ENABLE_TESTABILITY = YES;
				GCC_C_LANGUAGE_STANDARD = gnu11;
				GCC_DYNAMIC_NO_PIC = NO;
				GCC_NO_COMMON_BLOCKS = YES;
				GCC_OPTIMIZATION_LEVEL = 0;
				GCC_PREPROCESSOR_DEFINITIONS = (
					"DEBUG=1",
					"$(inherited)",
				);
				GCC_WARN_64_TO_32_BIT_CONVERSION = YES;
				GCC_WARN_ABOUT_RETURN_TYPE = YES_ERROR;
				GCC_WARN_UNDECLARED_SELECTOR = YES;
				GCC_WARN_UNINITIALIZED_AUTOS = YES_AGGRESSIVE;
				GCC_WARN_UNUSED_FUNCTION = YES;
				GCC_WARN_UNUSED_VARIABLE = YES;
				IPHONEOS_DEPLOYMENT_TARGET = 11.3;
				MTL_ENABLE_DEBUG_INFO = YES;
				ONLY_ACTIVE_ARCH = YES;
				SDKROOT = iphoneos;
				SWIFT_ACTIVE_COMPILATION_CONDITIONS = DEBUG;
				SWIFT_OPTIMIZATION_LEVEL = "-Onone";
			};
			name = Debug;
		};
		80BA047420B44AAE002800AA /* Release */ = {
			isa = XCBuildConfiguration;
			buildSettings = {
				ALWAYS_SEARCH_USER_PATHS = NO;
				CLANG_ANALYZER_NONNULL = YES;
				CLANG_ANALYZER_NUMBER_OBJECT_CONVERSION = YES_AGGRESSIVE;
				CLANG_CXX_LANGUAGE_STANDARD = "gnu++14";
				CLANG_CXX_LIBRARY = "libc++";
				CLANG_ENABLE_MODULES = YES;
				CLANG_ENABLE_OBJC_ARC = YES;
				CLANG_ENABLE_OBJC_WEAK = YES;
				CLANG_WARN_BLOCK_CAPTURE_AUTORELEASING = YES;
				CLANG_WARN_BOOL_CONVERSION = YES;
				CLANG_WARN_COMMA = YES;
				CLANG_WARN_CONSTANT_CONVERSION = YES;
				CLANG_WARN_DEPRECATED_OBJC_IMPLEMENTATIONS = YES;
				CLANG_WARN_DIRECT_OBJC_ISA_USAGE = YES_ERROR;
				CLANG_WARN_DOCUMENTATION_COMMENTS = YES;
				CLANG_WARN_EMPTY_BODY = YES;
				CLANG_WARN_ENUM_CONVERSION = YES;
				CLANG_WARN_INFINITE_RECURSION = YES;
				CLANG_WARN_INT_CONVERSION = YES;
				CLANG_WARN_NON_LITERAL_NULL_CONVERSION = YES;
				CLANG_WARN_OBJC_IMPLICIT_RETAIN_SELF = YES;
				CLANG_WARN_OBJC_LITERAL_CONVERSION = YES;
				CLANG_WARN_OBJC_ROOT_CLASS = YES_ERROR;
				CLANG_WARN_RANGE_LOOP_ANALYSIS = YES;
				CLANG_WARN_STRICT_PROTOTYPES = YES;
				CLANG_WARN_SUSPICIOUS_MOVE = YES;
				CLANG_WARN_UNGUARDED_AVAILABILITY = YES_AGGRESSIVE;
				CLANG_WARN_UNREACHABLE_CODE = YES;
				CLANG_WARN__DUPLICATE_METHOD_MATCH = YES;
				CODE_SIGN_IDENTITY = "iPhone Developer";
				COPY_PHASE_STRIP = NO;
				DEBUG_INFORMATION_FORMAT = "dwarf-with-dsym";
				ENABLE_NS_ASSERTIONS = NO;
				ENABLE_STRICT_OBJC_MSGSEND = YES;
				GCC_C_LANGUAGE_STANDARD = gnu11;
				GCC_NO_COMMON_BLOCKS = YES;
				GCC_WARN_64_TO_32_BIT_CONVERSION = YES;
				GCC_WARN_ABOUT_RETURN_TYPE = YES_ERROR;
				GCC_WARN_UNDECLARED_SELECTOR = YES;
				GCC_WARN_UNINITIALIZED_AUTOS = YES_AGGRESSIVE;
				GCC_WARN_UNUSED_FUNCTION = YES;
				GCC_WARN_UNUSED_VARIABLE = YES;
				IPHONEOS_DEPLOYMENT_TARGET = 11.3;
				MTL_ENABLE_DEBUG_INFO = NO;
				SDKROOT = iphoneos;
				SWIFT_COMPILATION_MODE = wholemodule;
				SWIFT_OPTIMIZATION_LEVEL = "-O";
				VALIDATE_PRODUCT = YES;
			};
			name = Release;
		};
		80BA047620B44AAE002800AA /* Debug */ = {
			isa = XCBuildConfiguration;
			buildSettings = {
				ASSETCATALOG_COMPILER_APPICON_NAME = AppIcon;
				CODE_SIGN_STYLE = Automatic;
				INFOPLIST_FILE = "Window Shopper/Info.plist";
				LD_RUNPATH_SEARCH_PATHS = (
					"$(inherited)",
					"@executable_path/Frameworks",
				);
				PRODUCT_BUNDLE_IDENTIFIER = "com.dhruv.Window-Shopper";
				PRODUCT_NAME = "$(TARGET_NAME)";
				SWIFT_VERSION = 4.0;
				TARGETED_DEVICE_FAMILY = "1,2";
			};
			name = Debug;
		};
		80BA047720B44AAE002800AA /* Release */ = {
			isa = XCBuildConfiguration;
			buildSettings = {
				ASSETCATALOG_COMPILER_APPICON_NAME = AppIcon;
				CODE_SIGN_STYLE = Automatic;
				INFOPLIST_FILE = "Window Shopper/Info.plist";
				LD_RUNPATH_SEARCH_PATHS = (
					"$(inherited)",
					"@executable_path/Frameworks",
				);
				PRODUCT_BUNDLE_IDENTIFIER = "com.dhruv.Window-Shopper";
				PRODUCT_NAME = "$(TARGET_NAME)";
				SWIFT_VERSION = 4.0;
				TARGETED_DEVICE_FAMILY = "1,2";
			};
			name = Release;
		};
		80BA047920B44AAE002800AA /* Debug */ = {
			isa = XCBuildConfiguration;
			buildSettings = {
				ALWAYS_EMBED_SWIFT_STANDARD_LIBRARIES = YES;
				BUNDLE_LOADER = "$(TEST_HOST)";
				CODE_SIGN_STYLE = Automatic;
				INFOPLIST_FILE = "Window ShopperTests/Info.plist";
				LD_RUNPATH_SEARCH_PATHS = (
					"$(inherited)",
					"@executable_path/Frameworks",
					"@loader_path/Frameworks",
				);
				PRODUCT_BUNDLE_IDENTIFIER = "com.dhruv.Window-ShopperTests";
				PRODUCT_NAME = "$(TARGET_NAME)";
				SWIFT_VERSION = 4.0;
				TARGETED_DEVICE_FAMILY = "1,2";
				TEST_HOST = "$(BUILT_PRODUCTS_DIR)/Window Shopper.app/Window Shopper";
			};
			name = Debug;
		};
		80BA047A20B44AAE002800AA /* Release */ = {
			isa = XCBuildConfiguration;
			buildSettings = {
				ALWAYS_EMBED_SWIFT_STANDARD_LIBRARIES = YES;
				BUNDLE_LOADER = "$(TEST_HOST)";
				CODE_SIGN_STYLE = Automatic;
				INFOPLIST_FILE = "Window ShopperTests/Info.plist";
				LD_RUNPATH_SEARCH_PATHS = (
					"$(inherited)",
					"@executable_path/Frameworks",
					"@loader_path/Frameworks",
				);
				PRODUCT_BUNDLE_IDENTIFIER = "com.dhruv.Window-ShopperTests";
				PRODUCT_NAME = "$(TARGET_NAME)";
				SWIFT_VERSION = 4.0;
				TARGETED_DEVICE_FAMILY = "1,2";
				TEST_HOST = "$(BUILT_PRODUCTS_DIR)/Window Shopper.app/Window Shopper";
			};
			name = Release;
		};
		80BA047C20B44AAE002800AA /* Debug */ = {
			isa = XCBuildConfiguration;
			buildSettings = {
				ALWAYS_EMBED_SWIFT_STANDARD_LIBRARIES = YES;
				CODE_SIGN_STYLE = Automatic;
				INFOPLIST_FILE = "Window ShopperUITests/Info.plist";
				LD_RUNPATH_SEARCH_PATHS = (
					"$(inherited)",
					"@executable_path/Frameworks",
					"@loader_path/Frameworks",
				);
				PRODUCT_BUNDLE_IDENTIFIER = "com.dhruv.Window-ShopperUITests";
				PRODUCT_NAME = "$(TARGET_NAME)";
				SWIFT_VERSION = 4.0;
				TARGETED_DEVICE_FAMILY = "1,2";
				TEST_TARGET_NAME = "Window Shopper";
			};
			name = Debug;
		};
		80BA047D20B44AAE002800AA /* Release */ = {
			isa = XCBuildConfiguration;
			buildSettings = {
				ALWAYS_EMBED_SWIFT_STANDARD_LIBRARIES = YES;
				CODE_SIGN_STYLE = Automatic;
				INFOPLIST_FILE = "Window ShopperUITests/Info.plist";
				LD_RUNPATH_SEARCH_PATHS = (
					"$(inherited)",
					"@executable_path/Frameworks",
					"@loader_path/Frameworks",
				);
				PRODUCT_BUNDLE_IDENTIFIER = "com.dhruv.Window-ShopperUITests";
				PRODUCT_NAME = "$(TARGET_NAME)";
				SWIFT_VERSION = 4.0;
				TARGETED_DEVICE_FAMILY = "1,2";
				TEST_TARGET_NAME = "Window Shopper";
			};
			name = Release;
		};
/* End XCBuildConfiguration section */

/* Begin XCConfigurationList section */
		80BA044820B44AAC002800AA /* Build configuration list for PBXProject "Window Shopper" */ = {
			isa = XCConfigurationList;
			buildConfigurations = (
				80BA047320B44AAE002800AA /* Debug */,
				80BA047420B44AAE002800AA /* Release */,
			);
			defaultConfigurationIsVisible = 0;
			defaultConfigurationName = Release;
		};
		80BA047520B44AAE002800AA /* Build configuration list for PBXNativeTarget "Window Shopper" */ = {
			isa = XCConfigurationList;
			buildConfigurations = (
				80BA047620B44AAE002800AA /* Debug */,
				80BA047720B44AAE002800AA /* Release */,
			);
			defaultConfigurationIsVisible = 0;
			defaultConfigurationName = Release;
		};
		80BA047820B44AAE002800AA /* Build configuration list for PBXNativeTarget "Window ShopperTests" */ = {
			isa = XCConfigurationList;
			buildConfigurations = (
				80BA047920B44AAE002800AA /* Debug */,
				80BA047A20B44AAE002800AA /* Release */,
			);
			defaultConfigurationIsVisible = 0;
			defaultConfigurationName = Release;
		};
		80BA047B20B44AAE002800AA /* Build configuration list for PBXNativeTarget "Window ShopperUITests" */ = {
			isa = XCConfigurationList;
			buildConfigurations = (
				80BA047C20B44AAE002800AA /* Debug */,
				80BA047D20B44AAE002800AA /* Release */,
			);
			defaultConfigurationIsVisible = 0;
			defaultConfigurationName = Release;
		};
/* End XCConfigurationList section */
	};
	rootObject = 80BA044520B44AAC002800AA /* Project object */;
}
